
Microsoft Visual Studio Solution File, Format Version 12.00
# Visual Studio Version 17
VisualStudioVersion = 17.8.34525.116
MinimumVisualStudioVersion = 10.0.40219.1
Project("{9A19103F-16F7-4668-BE54-9A1E7A4F7556}") = "StanimalisThriftShop", "StanimalisThriftShop\StanimalisThriftShop.csproj", "{936AC6DB-6394-4C21-8A4C-19607AE09A2D}"
EndProject
Project("{FAE04EC0-301F-11D3-BF4B-00C04F79EFBC}") = "StanimalisThriftShopRazor_Temp", "StanimalisThriftShopRazor_Temp\StanimalisThriftShopRazor_Temp.csproj", "{A15FB65A-A1A3-4300-A6E4-599D0D2CB92D}"
EndProject
Global
	GlobalSection(SolutionConfigurationPlatforms) = preSolution
		Debug|Any CPU = Debug|Any CPU
		Release|Any CPU = Release|Any CPU
	EndGlobalSection
	GlobalSection(ProjectConfigurationPlatforms) = postSolution
		{936AC6DB-6394-4C21-8A4C-19607AE09A2D}.Debug|Any CPU.ActiveCfg = Debug|Any CPU
		{936AC6DB-6394-4C21-8A4C-19607AE09A2D}.Debug|Any CPU.Build.0 = Debug|Any CPU
		{936AC6DB-6394-4C21-8A4C-19607AE09A2D}.Release|Any CPU.ActiveCfg = Release|Any CPU
		{936AC6DB-6394-4C21-8A4C-19607AE09A2D}.Release|Any CPU.Build.0 = Release|Any CPU
		{A15FB65A-A1A3-4300-A6E4-599D0D2CB92D}.Debug|Any CPU.ActiveCfg = Debug|Any CPU
		{A15FB65A-A1A3-4300-A6E4-599D0D2CB92D}.Debug|Any CPU.Build.0 = Debug|Any CPU
		{A15FB65A-A1A3-4300-A6E4-599D0D2CB92D}.Release|Any CPU.ActiveCfg = Release|Any CPU
		{A15FB65A-A1A3-4300-A6E4-599D0D2CB92D}.Release|Any CPU.Build.0 = Release|Any CPU
	EndGlobalSection
	GlobalSection(SolutionProperties) = preSolution
		HideSolutionNode = FALSE
	EndGlobalSection
	GlobalSection(ExtensibilityGlobals) = postSolution
		SolutionGuid = {BB83E88B-7381-4E8C-98E5-0AE59C506D0F}
	EndGlobalSection
EndGlobal
